{
  "lib/eigenlayer-contracts": {
    "tag": {
      "name": "v1.8.1",
      "rev": "31aade2fc3bf6e2c0160cc2e7c7be1a6017296e5"
    }
  },
  "lib/eigenlayer-middleware": {
    "tag": {
      "name": "v1.5.0",
      "rev": "a7a5492b5a0107745c7f4938d37a8f64985274d6"
    }
  },
  "lib/forge-std": {
    "tag": {
      "name": "v1.11.0",
      "rev": "8e40513d678f392f398620b3ef2b418648b33e89"
    }
  }
}